
Microsoft Visual Studio Solution File, Format Version 12.00
# Visual Studio Version 17
VisualStudioVersion = 17.9.34701.34
MinimumVisualStudioVersion = 10.0.40219.1
Project("{FAE04EC0-301F-11D3-BF4B-00C04F79EFBC}") = "Ejercicio 1", "Ejercicio 1\Ejercicio 1.csproj", "{3FB62D99-5A4E-4101-B459-A2D7699D88AB}"
EndProject
Global
	GlobalSection(SolutionConfigurationPlatforms) = preSolution
		Debug|Any CPU = Debug|Any CPU
		Release|Any CPU = Release|Any CPU
	EndGlobalSection
	GlobalSection(ProjectConfigurationPlatforms) = postSolution
		{3FB62D99-5A4E-4101-B459-A2D7699D88AB}.Debug|Any CPU.ActiveCfg = Debug|Any CPU
		{3FB62D99-5A4E-4101-B459-A2D7699D88AB}.Debug|Any CPU.Build.0 = Debug|Any CPU
		{3FB62D99-5A4E-4101-B459-A2D7699D88AB}.Release|Any CPU.ActiveCfg = Release|Any CPU
		{3FB62D99-5A4E-4101-B459-A2D7699D88AB}.Release|Any CPU.Build.0 = Release|Any CPU
	EndGlobalSection
	GlobalSection(SolutionProperties) = preSolution
		HideSolutionNode = FALSE
	EndGlobalSection
	GlobalSection(ExtensibilityGlobals) = postSolution
		SolutionGuid = {0964AE06-BB50-482E-8720-7FCA9EE49ECC}
	EndGlobalSection
EndGlobal
